<?xml version="1.0" encoding="UTF-8"?>
<CodeBlocks_project_file>
	<FileVersion major="1" minor="6"/>
	<Project>
		<Option title="IO"/>
		<Option makefile_is_custom="1"/>
		<Option compiler="gcc"/>
		<Option virtualFolders="CMake Files\;CMake Files\lib\;CMake Files\lib\IO\;"/>
		<Build>
			<Target title="all">
				<Option working_dir="/home/sebltm/ExpanDrive/OneDrive/Documents/Exeter/Individual Literature Review and Project/LMS/lib/IO"/>
				<Option type="4"/>
				<MakeCommands>
					<Build command="/usr/bin/make -j8 -f &quot;/home/sebltm/ExpanDrive/OneDrive/Documents/Exeter/Individual\ Literature\ Review\ and\ Project/LMS/lib/IO/Makefile&quot;  VERBOSE=1 all"/>
					<CompileFile command="/usr/bin/make -j8 -f &quot;/home/sebltm/ExpanDrive/OneDrive/Documents/Exeter/Individual\ Literature\ Review\ and\ Project/LMS/lib/IO/Makefile&quot;  VERBOSE=1 &quot;$file&quot;"/>
					<Clean command="/usr/bin/make -j8 -f &quot;/home/sebltm/ExpanDrive/OneDrive/Documents/Exeter/Individual\ Literature\ Review\ and\ Project/LMS/lib/IO/Makefile&quot;  VERBOSE=1 clean"/>
					<DistClean command="/usr/bin/make -j8 -f &quot;/home/sebltm/ExpanDrive/OneDrive/Documents/Exeter/Individual\ Literature\ Review\ and\ Project/LMS/lib/IO/Makefile&quot;  VERBOSE=1 clean"/>
				</MakeCommands>
			</Target>
			<Target title="IO">
				<Option output="/home/sebltm/ExpanDrive/OneDrive/Documents/Exeter/Individual Literature Review and Project/LMS/lib/IO/libIO.a" prefix_auto="0" extension_auto="0"/>
				<Option working_dir="/home/sebltm/ExpanDrive/OneDrive/Documents/Exeter/Individual Literature Review and Project/LMS/lib/IO"/>
				<Option object_output="./"/>
				<Option type="2"/>
				<Option compiler="gcc"/>
				<Compiler>
					<Add directory="/usr/include/c++/9"/>
					<Add directory="/usr/include/x86_64-linux-gnu/c++/9"/>
					<Add directory="/usr/include/c++/9/backward"/>
					<Add directory="/usr/lib/gcc/x86_64-linux-gnu/9/include"/>
					<Add directory="/usr/local/include"/>
					<Add directory="/usr/lib/gcc/x86_64-linux-gnu/9/include-fixed"/>
					<Add directory="/usr/include/x86_64-linux-gnu"/>
					<Add directory="/usr/include"/>
				</Compiler>
				<MakeCommands>
					<Build command="/usr/bin/make -j8 -f &quot;/home/sebltm/ExpanDrive/OneDrive/Documents/Exeter/Individual\ Literature\ Review\ and\ Project/LMS/lib/IO/Makefile&quot;  VERBOSE=1 IO"/>
					<CompileFile command="/usr/bin/make -j8 -f &quot;/home/sebltm/ExpanDrive/OneDrive/Documents/Exeter/Individual\ Literature\ Review\ and\ Project/LMS/lib/IO/Makefile&quot;  VERBOSE=1 &quot;$file&quot;"/>
					<Clean command="/usr/bin/make -j8 -f &quot;/home/sebltm/ExpanDrive/OneDrive/Documents/Exeter/Individual\ Literature\ Review\ and\ Project/LMS/lib/IO/Makefile&quot;  VERBOSE=1 clean"/>
					<DistClean command="/usr/bin/make -j8 -f &quot;/home/sebltm/ExpanDrive/OneDrive/Documents/Exeter/Individual\ Literature\ Review\ and\ Project/LMS/lib/IO/Makefile&quot;  VERBOSE=1 clean"/>
				</MakeCommands>
			</Target>
			<Target title="IO/fast">
				<Option output="/home/sebltm/ExpanDrive/OneDrive/Documents/Exeter/Individual Literature Review and Project/LMS/lib/IO/libIO.a" prefix_auto="0" extension_auto="0"/>
				<Option working_dir="/home/sebltm/ExpanDrive/OneDrive/Documents/Exeter/Individual Literature Review and Project/LMS/lib/IO"/>
				<Option object_output="./"/>
				<Option type="2"/>
				<Option compiler="gcc"/>
				<Compiler>
					<Add directory="/usr/include/c++/9"/>
					<Add directory="/usr/include/x86_64-linux-gnu/c++/9"/>
					<Add directory="/usr/include/c++/9/backward"/>
					<Add directory="/usr/lib/gcc/x86_64-linux-gnu/9/include"/>
					<Add directory="/usr/local/include"/>
					<Add directory="/usr/lib/gcc/x86_64-linux-gnu/9/include-fixed"/>
					<Add directory="/usr/include/x86_64-linux-gnu"/>
					<Add directory="/usr/include"/>
				</Compiler>
				<MakeCommands>
					<Build command="/usr/bin/make -j8 -f &quot;/home/sebltm/ExpanDrive/OneDrive/Documents/Exeter/Individual\ Literature\ Review\ and\ Project/LMS/lib/IO/Makefile&quot;  VERBOSE=1 IO/fast"/>
					<CompileFile command="/usr/bin/make -j8 -f &quot;/home/sebltm/ExpanDrive/OneDrive/Documents/Exeter/Individual\ Literature\ Review\ and\ Project/LMS/lib/IO/Makefile&quot;  VERBOSE=1 &quot;$file&quot;"/>
					<Clean command="/usr/bin/make -j8 -f &quot;/home/sebltm/ExpanDrive/OneDrive/Documents/Exeter/Individual\ Literature\ Review\ and\ Project/LMS/lib/IO/Makefile&quot;  VERBOSE=1 clean"/>
					<DistClean command="/usr/bin/make -j8 -f &quot;/home/sebltm/ExpanDrive/OneDrive/Documents/Exeter/Individual\ Literature\ Review\ and\ Project/LMS/lib/IO/Makefile&quot;  VERBOSE=1 clean"/>
				</MakeCommands>
			</Target>
		</Build>
		<Unit filename="/home/sebltm/ExpanDrive/OneDrive/Documents/Exeter/Individual Literature Review and Project/LMS/lib/IO/IO.cpp">
			<Option target="IO"/>
		</Unit>
		<Unit filename="/home/sebltm/ExpanDrive/OneDrive/Documents/Exeter/Individual Literature Review and Project/LMS/lib/IO/IO.h">
			<Option target="IO"/>
		</Unit>
		<Unit filename="/home/sebltm/ExpanDrive/OneDrive/Documents/Exeter/Individual Literature Review and Project/LMS/CMakeLists.txt">
			<Option virtualFolder="CMake Files\"/>
		</Unit>
		<Unit filename="/home/sebltm/ExpanDrive/OneDrive/Documents/Exeter/Individual Literature Review and Project/LMS/lib/IO/CMakeLists.txt">
			<Option virtualFolder="CMake Files\lib\IO\"/>
		</Unit>
	</Project>
</CodeBlocks_project_file>
